
Microsoft Visual Studio Solution File, Format Version 12.00
# Visual Studio 15
VisualStudioVersion = 15.0.27004.2005
MinimumVisualStudioVersion = 10.0.40219.1
Project("{FAE04EC0-301F-11D3-BF4B-00C04F79EFBC}") = "cocoban", "cocoban\cocoban.csproj", "{B36574AA-7D4E-4308-BAF7-B70B02EA6E86}"
EndProject
Global
	GlobalSection(SolutionConfigurationPlatforms) = preSolution
		Debug|x86 = Debug|x86
		Release|x86 = Release|x86
	EndGlobalSection
	GlobalSection(ProjectConfigurationPlatforms) = postSolution
		{B36574AA-7D4E-4308-BAF7-B70B02EA6E86}.Debug|x86.ActiveCfg = Debug|x86
		{B36574AA-7D4E-4308-BAF7-B70B02EA6E86}.Debug|x86.Build.0 = Debug|x86
		{B36574AA-7D4E-4308-BAF7-B70B02EA6E86}.Release|x86.ActiveCfg = Release|x86
		{B36574AA-7D4E-4308-BAF7-B70B02EA6E86}.Release|x86.Build.0 = Release|x86
	EndGlobalSection
	GlobalSection(SolutionProperties) = preSolution
		HideSolutionNode = FALSE
	EndGlobalSection
	GlobalSection(ExtensibilityGlobals) = postSolution
		SolutionGuid = {3F99396C-10CE-4510-973F-2A50C2D502CF}
	EndGlobalSection
EndGlobal
